
Microsoft Visual Studio Solution File, Format Version 12.00
# Visual Studio Version 17
VisualStudioVersion = 17.10.35122.118
MinimumVisualStudioVersion = 10.0.40219.1
Project("{FAE04EC0-301F-11D3-BF4B-00C04F79EFBC}") = "AgentManagementAPI", "AgentManagementAPI.csproj", "{055B6A39-52A2-4EE3-838D-64D21F636BD6}"
EndProject
Global
	GlobalSection(SolutionConfigurationPlatforms) = preSolution
		Debug|Any CPU = Debug|Any CPU
		Release|Any CPU = Release|Any CPU
	EndGlobalSection
	GlobalSection(ProjectConfigurationPlatforms) = postSolution
		{055B6A39-52A2-4EE3-838D-64D21F636BD6}.Debug|Any CPU.ActiveCfg = Debug|Any CPU
		{055B6A39-52A2-4EE3-838D-64D21F636BD6}.Debug|Any CPU.Build.0 = Debug|Any CPU
		{055B6A39-52A2-4EE3-838D-64D21F636BD6}.Release|Any CPU.ActiveCfg = Release|Any CPU
		{055B6A39-52A2-4EE3-838D-64D21F636BD6}.Release|Any CPU.Build.0 = Release|Any CPU
	EndGlobalSection
	GlobalSection(SolutionProperties) = preSolution
		HideSolutionNode = FALSE
	EndGlobalSection
	GlobalSection(ExtensibilityGlobals) = postSolution
		SolutionGuid = {F38DBF47-9CC6-4E9B-9024-1AB0D42A1AF6}
	EndGlobalSection
EndGlobal
